
Microsoft Visual Studio Solution File, Format Version 12.00
# Visual Studio Version 17
VisualStudioVersion = 17.0.31912.275
MinimumVisualStudioVersion = 10.0.40219.1
Project("{2150E333-8FDC-42A3-9474-1A3956D46DE8}") = "Services", "Services", "{89C9053C-1558-4D52-87E6-95E1F8BD9785}"
EndProject
Project("{2150E333-8FDC-42A3-9474-1A3956D46DE8}") = "Catalog", "Catalog", "{CDD9AA12-2107-486F-B336-F90DDF44036C}"
EndProject
Project("{9A19103F-16F7-4668-BE54-9A1E7A4F7556}") = "Catalog.API", "Services\Catalog\Catalog.API\Catalog.API.csproj", "{002AADEF-C3EB-48C6-BA74-0C7FA53869E2}"
EndProject
Project("{E53339B2-1760-4266-BCC7-CA923CBCF16C}") = "docker-compose", "docker-compose.dcproj", "{7BCE525C-EDAB-4670-8B67-DA4B195D67D7}"
EndProject
Project("{2150E333-8FDC-42A3-9474-1A3956D46DE8}") = "Basket", "Basket", "{984E343C-E962-42C9-874B-8ED221062D16}"
EndProject
Project("{9A19103F-16F7-4668-BE54-9A1E7A4F7556}") = "Basket.API", "Services\Basket\Basket.API\Basket.API.csproj", "{85C8FFBB-D6DE-44BC-B18D-76FE40AF7B7F}"
EndProject
Project("{2150E333-8FDC-42A3-9474-1A3956D46DE8}") = "Discount", "Discount", "{BAE91461-68CA-45FF-B0FB-D5761854523A}"
EndProject
Project("{9A19103F-16F7-4668-BE54-9A1E7A4F7556}") = "Discount.API", "Services\Discount\Discount.API\Discount.API.csproj", "{4A124823-4EFC-462A-9C8F-06EB352FB994}"
EndProject
Project("{9A19103F-16F7-4668-BE54-9A1E7A4F7556}") = "Discount.Grpc", "Services\Discount\Discount.Grpc\Discount.Grpc.csproj", "{3F49FF75-47E0-4DE3-89FF-C4281ABD8A31}"
EndProject
Project("{2150E333-8FDC-42A3-9474-1A3956D46DE8}") = "Ordering", "Ordering", "{89B2A2D3-4C6D-49E2-85DF-1F84B2E06002}"
EndProject
Project("{9A19103F-16F7-4668-BE54-9A1E7A4F7556}") = "Ordering.API", "Services\Ordering\Ordering.API\Ordering.API.csproj", "{95529221-DEF0-44A2-8AF6-C14E2D5A8974}"
EndProject
Project("{9A19103F-16F7-4668-BE54-9A1E7A4F7556}") = "Ordering.Domain", "Services\Ordering\Ordering.Domain\Ordering.Domain.csproj", "{7493CA80-510D-40EF-907F-025391F37204}"
EndProject
Project("{9A19103F-16F7-4668-BE54-9A1E7A4F7556}") = "Ordering.Application", "Services\Ordering\Ordering.Application\Ordering.Application.csproj", "{192DF272-9B0C-4CB5-BAFB-C17E8E590B83}"
EndProject
Project("{9A19103F-16F7-4668-BE54-9A1E7A4F7556}") = "Ordering.Infrastructure", "Services\Ordering\Ordering.Infrastructure\Ordering.Infrastructure.csproj", "{57F4F00D-8E1A-4259-86B6-481554809923}"
EndProject
Project("{2150E333-8FDC-42A3-9474-1A3956D46DE8}") = "BuildingBlocks", "BuildingBlocks", "{D5ED5FB3-7C63-4654-83ED-2A632422B72F}"
EndProject
Project("{9A19103F-16F7-4668-BE54-9A1E7A4F7556}") = "EventBus.Message", "BuildingBlocks\EventBus.Message\EventBus.Message.csproj", "{B41EDAC1-9404-4865-A046-FD070E896B40}"
EndProject
Project("{2150E333-8FDC-42A3-9474-1A3956D46DE8}") = "ApiGateways", "ApiGateways", "{A4E14ADD-9697-4E27-A636-8DBE82A0DEC7}"
EndProject
Project("{9A19103F-16F7-4668-BE54-9A1E7A4F7556}") = "OcelotApiGw", "ApiGateways\OcelotApiGw\OcelotApiGw.csproj", "{61FA3D70-CF0E-4DD2-A9AB-807CE1233A2D}"
EndProject
Project("{9A19103F-16F7-4668-BE54-9A1E7A4F7556}") = "Shopping.Aggregator", "ApiGateways\Shopping.Aggregator\Shopping.Aggregator.csproj", "{CA27F5BC-0936-4D09-8477-281648C4872D}"
EndProject
Project("{2150E333-8FDC-42A3-9474-1A3956D46DE8}") = "WebApps", "WebApps", "{8EE60E91-F297-46D9-972E-55ED7347A6E6}"
EndProject
Project("{9A19103F-16F7-4668-BE54-9A1E7A4F7556}") = "AspnetRunBasics", "WebApps\AspnetRunBasics\AspnetRunBasics.csproj", "{ABE78EB2-7849-429C-BCBA-C94B066CF95D}"
EndProject
Global
	GlobalSection(SolutionConfigurationPlatforms) = preSolution
		Debug|Any CPU = Debug|Any CPU
		Release|Any CPU = Release|Any CPU
	EndGlobalSection
	GlobalSection(ProjectConfigurationPlatforms) = postSolution
		{002AADEF-C3EB-48C6-BA74-0C7FA53869E2}.Debug|Any CPU.ActiveCfg = Debug|Any CPU
		{002AADEF-C3EB-48C6-BA74-0C7FA53869E2}.Debug|Any CPU.Build.0 = Debug|Any CPU
		{002AADEF-C3EB-48C6-BA74-0C7FA53869E2}.Release|Any CPU.ActiveCfg = Release|Any CPU
		{002AADEF-C3EB-48C6-BA74-0C7FA53869E2}.Release|Any CPU.Build.0 = Release|Any CPU
		{7BCE525C-EDAB-4670-8B67-DA4B195D67D7}.Debug|Any CPU.ActiveCfg = Debug|Any CPU
		{7BCE525C-EDAB-4670-8B67-DA4B195D67D7}.Debug|Any CPU.Build.0 = Debug|Any CPU
		{7BCE525C-EDAB-4670-8B67-DA4B195D67D7}.Release|Any CPU.ActiveCfg = Release|Any CPU
		{7BCE525C-EDAB-4670-8B67-DA4B195D67D7}.Release|Any CPU.Build.0 = Release|Any CPU
		{85C8FFBB-D6DE-44BC-B18D-76FE40AF7B7F}.Debug|Any CPU.ActiveCfg = Debug|Any CPU
		{85C8FFBB-D6DE-44BC-B18D-76FE40AF7B7F}.Debug|Any CPU.Build.0 = Debug|Any CPU
		{85C8FFBB-D6DE-44BC-B18D-76FE40AF7B7F}.Release|Any CPU.ActiveCfg = Release|Any CPU
		{85C8FFBB-D6DE-44BC-B18D-76FE40AF7B7F}.Release|Any CPU.Build.0 = Release|Any CPU
		{4A124823-4EFC-462A-9C8F-06EB352FB994}.Debug|Any CPU.ActiveCfg = Debug|Any CPU
		{4A124823-4EFC-462A-9C8F-06EB352FB994}.Debug|Any CPU.Build.0 = Debug|Any CPU
		{4A124823-4EFC-462A-9C8F-06EB352FB994}.Release|Any CPU.ActiveCfg = Release|Any CPU
		{4A124823-4EFC-462A-9C8F-06EB352FB994}.Release|Any CPU.Build.0 = Release|Any CPU
		{3F49FF75-47E0-4DE3-89FF-C4281ABD8A31}.Debug|Any CPU.ActiveCfg = Debug|Any CPU
		{3F49FF75-47E0-4DE3-89FF-C4281ABD8A31}.Debug|Any CPU.Build.0 = Debug|Any CPU
		{3F49FF75-47E0-4DE3-89FF-C4281ABD8A31}.Release|Any CPU.ActiveCfg = Release|Any CPU
		{3F49FF75-47E0-4DE3-89FF-C4281ABD8A31}.Release|Any CPU.Build.0 = Release|Any CPU
		{95529221-DEF0-44A2-8AF6-C14E2D5A8974}.Debug|Any CPU.ActiveCfg = Debug|Any CPU
		{95529221-DEF0-44A2-8AF6-C14E2D5A8974}.Debug|Any CPU.Build.0 = Debug|Any CPU
		{95529221-DEF0-44A2-8AF6-C14E2D5A8974}.Release|Any CPU.ActiveCfg = Release|Any CPU
		{95529221-DEF0-44A2-8AF6-C14E2D5A8974}.Release|Any CPU.Build.0 = Release|Any CPU
		{7493CA80-510D-40EF-907F-025391F37204}.Debug|Any CPU.ActiveCfg = Debug|Any CPU
		{7493CA80-510D-40EF-907F-025391F37204}.Debug|Any CPU.Build.0 = Debug|Any CPU
		{7493CA80-510D-40EF-907F-025391F37204}.Release|Any CPU.ActiveCfg = Release|Any CPU
		{7493CA80-510D-40EF-907F-025391F37204}.Release|Any CPU.Build.0 = Release|Any CPU
		{192DF272-9B0C-4CB5-BAFB-C17E8E590B83}.Debug|Any CPU.ActiveCfg = Debug|Any CPU
		{192DF272-9B0C-4CB5-BAFB-C17E8E590B83}.Debug|Any CPU.Build.0 = Debug|Any CPU
		{192DF272-9B0C-4CB5-BAFB-C17E8E590B83}.Release|Any CPU.ActiveCfg = Release|Any CPU
		{192DF272-9B0C-4CB5-BAFB-C17E8E590B83}.Release|Any CPU.Build.0 = Release|Any CPU
		{57F4F00D-8E1A-4259-86B6-481554809923}.Debug|Any CPU.ActiveCfg = Debug|Any CPU
		{57F4F00D-8E1A-4259-86B6-481554809923}.Debug|Any CPU.Build.0 = Debug|Any CPU
		{57F4F00D-8E1A-4259-86B6-481554809923}.Release|Any CPU.ActiveCfg = Release|Any CPU
		{57F4F00D-8E1A-4259-86B6-481554809923}.Release|Any CPU.Build.0 = Release|Any CPU
		{B41EDAC1-9404-4865-A046-FD070E896B40}.Debug|Any CPU.ActiveCfg = Debug|Any CPU
		{B41EDAC1-9404-4865-A046-FD070E896B40}.Debug|Any CPU.Build.0 = Debug|Any CPU
		{B41EDAC1-9404-4865-A046-FD070E896B40}.Release|Any CPU.ActiveCfg = Release|Any CPU
		{B41EDAC1-9404-4865-A046-FD070E896B40}.Release|Any CPU.Build.0 = Release|Any CPU
		{61FA3D70-CF0E-4DD2-A9AB-807CE1233A2D}.Debug|Any CPU.ActiveCfg = Debug|Any CPU
		{61FA3D70-CF0E-4DD2-A9AB-807CE1233A2D}.Debug|Any CPU.Build.0 = Debug|Any CPU
		{61FA3D70-CF0E-4DD2-A9AB-807CE1233A2D}.Release|Any CPU.ActiveCfg = Release|Any CPU
		{61FA3D70-CF0E-4DD2-A9AB-807CE1233A2D}.Release|Any CPU.Build.0 = Release|Any CPU
		{CA27F5BC-0936-4D09-8477-281648C4872D}.Debug|Any CPU.ActiveCfg = Debug|Any CPU
		{CA27F5BC-0936-4D09-8477-281648C4872D}.Debug|Any CPU.Build.0 = Debug|Any CPU
		{CA27F5BC-0936-4D09-8477-281648C4872D}.Release|Any CPU.ActiveCfg = Release|Any CPU
		{CA27F5BC-0936-4D09-8477-281648C4872D}.Release|Any CPU.Build.0 = Release|Any CPU
		{ABE78EB2-7849-429C-BCBA-C94B066CF95D}.Debug|Any CPU.ActiveCfg = Debug|Any CPU
		{ABE78EB2-7849-429C-BCBA-C94B066CF95D}.Debug|Any CPU.Build.0 = Debug|Any CPU
		{ABE78EB2-7849-429C-BCBA-C94B066CF95D}.Release|Any CPU.ActiveCfg = Release|Any CPU
		{ABE78EB2-7849-429C-BCBA-C94B066CF95D}.Release|Any CPU.Build.0 = Release|Any CPU
	EndGlobalSection
	GlobalSection(SolutionProperties) = preSolution
		HideSolutionNode = FALSE
	EndGlobalSection
	GlobalSection(NestedProjects) = preSolution
		{CDD9AA12-2107-486F-B336-F90DDF44036C} = {89C9053C-1558-4D52-87E6-95E1F8BD9785}
		{002AADEF-C3EB-48C6-BA74-0C7FA53869E2} = {CDD9AA12-2107-486F-B336-F90DDF44036C}
		{984E343C-E962-42C9-874B-8ED221062D16} = {89C9053C-1558-4D52-87E6-95E1F8BD9785}
		{85C8FFBB-D6DE-44BC-B18D-76FE40AF7B7F} = {984E343C-E962-42C9-874B-8ED221062D16}
		{BAE91461-68CA-45FF-B0FB-D5761854523A} = {89C9053C-1558-4D52-87E6-95E1F8BD9785}
		{4A124823-4EFC-462A-9C8F-06EB352FB994} = {BAE91461-68CA-45FF-B0FB-D5761854523A}
		{3F49FF75-47E0-4DE3-89FF-C4281ABD8A31} = {BAE91461-68CA-45FF-B0FB-D5761854523A}
		{89B2A2D3-4C6D-49E2-85DF-1F84B2E06002} = {89C9053C-1558-4D52-87E6-95E1F8BD9785}
		{95529221-DEF0-44A2-8AF6-C14E2D5A8974} = {89B2A2D3-4C6D-49E2-85DF-1F84B2E06002}
		{7493CA80-510D-40EF-907F-025391F37204} = {89B2A2D3-4C6D-49E2-85DF-1F84B2E06002}
		{192DF272-9B0C-4CB5-BAFB-C17E8E590B83} = {89B2A2D3-4C6D-49E2-85DF-1F84B2E06002}
		{57F4F00D-8E1A-4259-86B6-481554809923} = {89B2A2D3-4C6D-49E2-85DF-1F84B2E06002}
		{B41EDAC1-9404-4865-A046-FD070E896B40} = {D5ED5FB3-7C63-4654-83ED-2A632422B72F}
		{61FA3D70-CF0E-4DD2-A9AB-807CE1233A2D} = {A4E14ADD-9697-4E27-A636-8DBE82A0DEC7}
		{CA27F5BC-0936-4D09-8477-281648C4872D} = {A4E14ADD-9697-4E27-A636-8DBE82A0DEC7}
		{ABE78EB2-7849-429C-BCBA-C94B066CF95D} = {8EE60E91-F297-46D9-972E-55ED7347A6E6}
	EndGlobalSection
	GlobalSection(ExtensibilityGlobals) = postSolution
		SolutionGuid = {0CB40DFF-7FD4-430F-9B73-FD54456E540E}
	EndGlobalSection
EndGlobal
