
Microsoft Visual Studio Solution File, Format Version 12.00
# Visual Studio Version 17
VisualStudioVersion = 17.0.31912.275
MinimumVisualStudioVersion = 10.0.40219.1
Project("{2150E333-8FDC-42A3-9474-1A3956D46DE8}") = "Services", "Services", "{89C9053C-1558-4D52-87E6-95E1F8BD9785}"
EndProject
Project("{2150E333-8FDC-42A3-9474-1A3956D46DE8}") = "Catalog", "Catalog", "{CDD9AA12-2107-486F-B336-F90DDF44036C}"
EndProject
Project("{FAE04EC0-301F-11D3-BF4B-00C04F79EFBC}") = "Catalog.API", "Services\Catalog\Catalog.API\Catalog.API.csproj", "{002AADEF-C3EB-48C6-BA74-0C7FA53869E2}"
EndProject
Global
	GlobalSection(SolutionConfigurationPlatforms) = preSolution
		Debug|Any CPU = Debug|Any CPU
		Release|Any CPU = Release|Any CPU
	EndGlobalSection
	GlobalSection(ProjectConfigurationPlatforms) = postSolution
		{002AADEF-C3EB-48C6-BA74-0C7FA53869E2}.Debug|Any CPU.ActiveCfg = Debug|Any CPU
		{002AADEF-C3EB-48C6-BA74-0C7FA53869E2}.Debug|Any CPU.Build.0 = Debug|Any CPU
		{002AADEF-C3EB-48C6-BA74-0C7FA53869E2}.Release|Any CPU.ActiveCfg = Release|Any CPU
		{002AADEF-C3EB-48C6-BA74-0C7FA53869E2}.Release|Any CPU.Build.0 = Release|Any CPU
	EndGlobalSection
	GlobalSection(SolutionProperties) = preSolution
		HideSolutionNode = FALSE
	EndGlobalSection
	GlobalSection(NestedProjects) = preSolution
		{CDD9AA12-2107-486F-B336-F90DDF44036C} = {89C9053C-1558-4D52-87E6-95E1F8BD9785}
		{002AADEF-C3EB-48C6-BA74-0C7FA53869E2} = {CDD9AA12-2107-486F-B336-F90DDF44036C}
	EndGlobalSection
	GlobalSection(ExtensibilityGlobals) = postSolution
		SolutionGuid = {0CB40DFF-7FD4-430F-9B73-FD54456E540E}
	EndGlobalSection
EndGlobal
